{
  "name": "betabotascalon",
  "version": "1.0.0",
  "lockfileVersion": 1,
  "requires": true,
  "dependencies": {
    "djs-commands": {
      "version": "1.2.2",
      "resolved": "https://registry.npmjs.org/djs-commands/-/djs-commands-1.2.2.tgz",
      "integrity": "sha512-L4J9lViEgAp7Yb7GoukwOJFvO42bBf5r8htkQZ4CTasKrK7sI1vyB0R5RfUJnwq+5vHBzdmwyJjW8LXJYAxuFw==",
      "requires": {
        "fs": "0.0.1-security"
      },
      "dependencies": {
        "fs": {
          "version": "0.0.1-security",
          "resolved": "https://registry.npmjs.org/fs/-/fs-0.0.1-security.tgz",
          "integrity": "sha1-invTcYa23d84E/I4WLV+yq9eQdQ="
        }
      }
    }
  }
}
